
Microsoft Visual Studio Solution File, Format Version 12.00
# Visual Studio Version 17
VisualStudioVersion = 17.7.34202.233
MinimumVisualStudioVersion = 10.0.40219.1
Project("{FAE04EC0-301F-11D3-BF4B-00C04F79EFBC}") = "CelsiusToFahrenheitConversion", "CelsiusToFahrenheitConversion\CelsiusToFahrenheitConversion.csproj", "{0B7F5665-2C73-433C-8DB2-324EA4FFADFF}"
EndProject
Global
	GlobalSection(SolutionConfigurationPlatforms) = preSolution
		Debug|Any CPU = Debug|Any CPU
		Release|Any CPU = Release|Any CPU
	EndGlobalSection
	GlobalSection(ProjectConfigurationPlatforms) = postSolution
		{0B7F5665-2C73-433C-8DB2-324EA4FFADFF}.Debug|Any CPU.ActiveCfg = Debug|Any CPU
		{0B7F5665-2C73-433C-8DB2-324EA4FFADFF}.Debug|Any CPU.Build.0 = Debug|Any CPU
		{0B7F5665-2C73-433C-8DB2-324EA4FFADFF}.Release|Any CPU.ActiveCfg = Release|Any CPU
		{0B7F5665-2C73-433C-8DB2-324EA4FFADFF}.Release|Any CPU.Build.0 = Release|Any CPU
	EndGlobalSection
	GlobalSection(SolutionProperties) = preSolution
		HideSolutionNode = FALSE
	EndGlobalSection
	GlobalSection(ExtensibilityGlobals) = postSolution
		SolutionGuid = {49C808E4-F6FF-4E15-BE40-5E65AC3AA704}
	EndGlobalSection
EndGlobal
