
Microsoft Visual Studio Solution File, Format Version 12.00
# Visual Studio Version 17
VisualStudioVersion = 17.7.34202.233
MinimumVisualStudioVersion = 10.0.40219.1
Project("{FAE04EC0-301F-11D3-BF4B-00C04F79EFBC}") = "FactorialResult", "FactorialResult\FactorialResult.csproj", "{09AD9DEE-20BE-443A-8461-5089C84512BE}"
EndProject
Global
	GlobalSection(SolutionConfigurationPlatforms) = preSolution
		Debug|Any CPU = Debug|Any CPU
		Release|Any CPU = Release|Any CPU
	EndGlobalSection
	GlobalSection(ProjectConfigurationPlatforms) = postSolution
		{09AD9DEE-20BE-443A-8461-5089C84512BE}.Debug|Any CPU.ActiveCfg = Debug|Any CPU
		{09AD9DEE-20BE-443A-8461-5089C84512BE}.Debug|Any CPU.Build.0 = Debug|Any CPU
		{09AD9DEE-20BE-443A-8461-5089C84512BE}.Release|Any CPU.ActiveCfg = Release|Any CPU
		{09AD9DEE-20BE-443A-8461-5089C84512BE}.Release|Any CPU.Build.0 = Release|Any CPU
	EndGlobalSection
	GlobalSection(SolutionProperties) = preSolution
		HideSolutionNode = FALSE
	EndGlobalSection
	GlobalSection(ExtensibilityGlobals) = postSolution
		SolutionGuid = {BE0CF9AD-7E4E-4F5E-9B82-49D610E85DFF}
	EndGlobalSection
EndGlobal
