
Microsoft Visual Studio Solution File, Format Version 12.00
# Visual Studio Version 17
VisualStudioVersion = 17.7.34202.233
MinimumVisualStudioVersion = 10.0.40219.1
Project("{FAE04EC0-301F-11D3-BF4B-00C04F79EFBC}") = "Addition_N_NaturalNumbers", "Addition_N_NaturalNumbers\Addition_N_NaturalNumbers.csproj", "{3D12372E-AAA4-48AA-A012-1E720AA03636}"
EndProject
Global
	GlobalSection(SolutionConfigurationPlatforms) = preSolution
		Debug|Any CPU = Debug|Any CPU
		Release|Any CPU = Release|Any CPU
	EndGlobalSection
	GlobalSection(ProjectConfigurationPlatforms) = postSolution
		{3D12372E-AAA4-48AA-A012-1E720AA03636}.Debug|Any CPU.ActiveCfg = Debug|Any CPU
		{3D12372E-AAA4-48AA-A012-1E720AA03636}.Debug|Any CPU.Build.0 = Debug|Any CPU
		{3D12372E-AAA4-48AA-A012-1E720AA03636}.Release|Any CPU.ActiveCfg = Release|Any CPU
		{3D12372E-AAA4-48AA-A012-1E720AA03636}.Release|Any CPU.Build.0 = Release|Any CPU
	EndGlobalSection
	GlobalSection(SolutionProperties) = preSolution
		HideSolutionNode = FALSE
	EndGlobalSection
	GlobalSection(ExtensibilityGlobals) = postSolution
		SolutionGuid = {3F276ED1-D0A8-411E-88A0-59AAE5264359}
	EndGlobalSection
EndGlobal
